Microsoft Visual Studio Solution File, Format Version 12.00
# Visual Studio Version 17
VisualStudioVersion = 17.0.31903.59
MinimumVisualStudioVersion = 10.0.40219.1
Project("{FAE04EC0-301F-11D3-BF4B-00C04F79EFBC}") = "XDM.App", "src\XDM.App\XDM.App.csproj", "{0D1FE2F1-C2F6-4AA4-8F63-6148E84F4BF1}"
EndProject
Project("{FAE04EC0-301F-11D3-BF4B-00C04F79EFBC}") = "XDM.Core", "src\XDM.Core\XDM.Core.csproj", "{A6E5E1AD-B98E-430D-89AD-45B2B324D246}"
EndProject
Project("{FAE04EC0-301F-11D3-BF4B-00C04F79EFBC}") = "XDM.Platform", "src\XDM.Platform\XDM.Platform.csproj", "{E3E89619-70D0-4EC9-B741-186D90854499}"
EndProject
Project("{FAE04EC0-301F-11D3-BF4B-00C04F79EFBC}") = "XDM.Core.Tests", "src\XDM.Core.Tests\XDM.Core.Tests.csproj", "{8D5567F1-8684-4D9C-AC36-7BD07CCFF309}"
EndProject
Global
	GlobalSection(SolutionConfigurationPlatforms) = preSolution
		Debug|Any CPU = Debug|Any CPU
		Release|Any CPU = Release|Any CPU
	EndGlobalSection
	GlobalSection(ProjectConfigurationPlatforms) = postSolution
		{0D1FE2F1-C2F6-4AA4-8F63-6148E84F4BF1}.Debug|Any CPU.ActiveCfg = Debug|Any CPU
		{0D1FE2F1-C2F6-4AA4-8F63-6148E84F4BF1}.Debug|Any CPU.Build.0 = Debug|Any CPU
		{0D1FE2F1-C2F6-4AA4-8F63-6148E84F4BF1}.Release|Any CPU.ActiveCfg = Release|Any CPU
		{0D1FE2F1-C2F6-4AA4-8F63-6148E84F4BF1}.Release|Any CPU.Build.0 = Release|Any CPU
		{A6E5E1AD-B98E-430D-89AD-45B2B324D246}.Debug|Any CPU.ActiveCfg = Debug|Any CPU
		{A6E5E1AD-B98E-430D-89AD-45B2B324D246}.Debug|Any CPU.Build.0 = Debug|Any CPU
		{A6E5E1AD-B98E-430D-89AD-45B2B324D246}.Release|Any CPU.ActiveCfg = Release|Any CPU
		{A6E5E1AD-B98E-430D-89AD-45B2B324D246}.Release|Any CPU.Build.0 = Release|Any CPU
		{E3E89619-70D0-4EC9-B741-186D90854499}.Debug|Any CPU.ActiveCfg = Debug|Any CPU
		{E3E89619-70D0-4EC9-B741-186D90854499}.Debug|Any CPU.Build.0 = Debug|Any CPU
		{E3E89619-70D0-4EC9-B741-186D90854499}.Release|Any CPU.ActiveCfg = Release|Any CPU
		{E3E89619-70D0-4EC9-B741-186D90854499}.Release|Any CPU.Build.0 = Release|Any CPU
		{8D5567F1-8684-4D9C-AC36-7BD07CCFF309}.Debug|Any CPU.ActiveCfg = Debug|Any CPU
		{8D5567F1-8684-4D9C-AC36-7BD07CCFF309}.Debug|Any CPU.Build.0 = Debug|Any CPU
		{8D5567F1-8684-4D9C-AC36-7BD07CCFF309}.Release|Any CPU.ActiveCfg = Release|Any CPU
		{8D5567F1-8684-4D9C-AC36-7BD07CCFF309}.Release|Any CPU.Build.0 = Release|Any CPU
	EndGlobalSection
EndGlobal
